
Microsoft Visual Studio Solution File, Format Version 12.00
# Visual Studio Version 17
VisualStudioVersion = 17.13.35931.197 d17.13
MinimumVisualStudioVersion = 10.0.40219.1
Project("{FAE04EC0-301F-11D3-BF4B-00C04F79EFBC}") = "Cantina 10.0 Projeto Final", "Cantina 10.0 Projeto Final.csproj", "{ECBF13C8-721E-4740-B1B4-043D09B46F69}"
EndProject
Global
	GlobalSection(SolutionConfigurationPlatforms) = preSolution
		Debug|Any CPU = Debug|Any CPU
		Release|Any CPU = Release|Any CPU
	EndGlobalSection
	GlobalSection(ProjectConfigurationPlatforms) = postSolution
		{ECBF13C8-721E-4740-B1B4-043D09B46F69}.Debug|Any CPU.ActiveCfg = Debug|Any CPU
		{ECBF13C8-721E-4740-B1B4-043D09B46F69}.Debug|Any CPU.Build.0 = Debug|Any CPU
		{ECBF13C8-721E-4740-B1B4-043D09B46F69}.Release|Any CPU.ActiveCfg = Release|Any CPU
		{ECBF13C8-721E-4740-B1B4-043D09B46F69}.Release|Any CPU.Build.0 = Release|Any CPU
	EndGlobalSection
	GlobalSection(SolutionProperties) = preSolution
		HideSolutionNode = FALSE
	EndGlobalSection
	GlobalSection(ExtensibilityGlobals) = postSolution
		SolutionGuid = {7502DB80-1842-43A8-B154-C7596C07508E}
	EndGlobalSection
EndGlobal
